
Microsoft Visual Studio Solution File, Format Version 12.00
# Visual Studio Version 16
VisualStudioVersion = 16.0.31410.357
MinimumVisualStudioVersion = 10.0.40219.1
Project("{FAE04EC0-301F-11D3-BF4B-00C04F79EFBC}") = "Anket", "Anket\Anket.csproj", "{851E6BA9-B436-403C-9F96-2C3B5F8A4F13}"
EndProject
Global
	GlobalSection(SolutionConfigurationPlatforms) = preSolution
		Debug|Any CPU = Debug|Any CPU
		Release|Any CPU = Release|Any CPU
	EndGlobalSection
	GlobalSection(ProjectConfigurationPlatforms) = postSolution
		{851E6BA9-B436-403C-9F96-2C3B5F8A4F13}.Debug|Any CPU.ActiveCfg = Debug|Any CPU
		{851E6BA9-B436-403C-9F96-2C3B5F8A4F13}.Debug|Any CPU.Build.0 = Debug|Any CPU
		{851E6BA9-B436-403C-9F96-2C3B5F8A4F13}.Release|Any CPU.ActiveCfg = Release|Any CPU
		{851E6BA9-B436-403C-9F96-2C3B5F8A4F13}.Release|Any CPU.Build.0 = Release|Any CPU
	EndGlobalSection
	GlobalSection(SolutionProperties) = preSolution
		HideSolutionNode = FALSE
	EndGlobalSection
	GlobalSection(ExtensibilityGlobals) = postSolution
		SolutionGuid = {74B23342-1E29-4218-A397-17C27BC25BE0}
	EndGlobalSection
EndGlobal
